
Microsoft Visual Studio Solution File, Format Version 12.00
# Visual Studio 15
VisualStudioVersion = 15.0.28307.271
MinimumVisualStudioVersion = 10.0.40219.1
Project("{FAE04EC0-301F-11D3-BF4B-00C04F79EFBC}") = "ejemplo_picturebox", "ejemplo_picturebox\ejemplo_picturebox.csproj", "{A6192AE0-4D8E-42B8-BBCE-720B3DF42476}"
EndProject
Global
	GlobalSection(SolutionConfigurationPlatforms) = preSolution
		Debug|Any CPU = Debug|Any CPU
		Release|Any CPU = Release|Any CPU
	EndGlobalSection
	GlobalSection(ProjectConfigurationPlatforms) = postSolution
		{A6192AE0-4D8E-42B8-BBCE-720B3DF42476}.Debug|Any CPU.ActiveCfg = Debug|Any CPU
		{A6192AE0-4D8E-42B8-BBCE-720B3DF42476}.Debug|Any CPU.Build.0 = Debug|Any CPU
		{A6192AE0-4D8E-42B8-BBCE-720B3DF42476}.Release|Any CPU.ActiveCfg = Release|Any CPU
		{A6192AE0-4D8E-42B8-BBCE-720B3DF42476}.Release|Any CPU.Build.0 = Release|Any CPU
	EndGlobalSection
	GlobalSection(SolutionProperties) = preSolution
		HideSolutionNode = FALSE
	EndGlobalSection
	GlobalSection(ExtensibilityGlobals) = postSolution
		SolutionGuid = {3FEEE069-4126-4C35-A621-FDEC6D014D34}
	EndGlobalSection
EndGlobal
